
Microsoft Visual Studio Solution File, Format Version 12.00
# Visual Studio Version 17
VisualStudioVersion = 17.7.34031.279
MinimumVisualStudioVersion = 10.0.40219.1
Project("{9A19103F-16F7-4668-BE54-9A1E7A4F7556}") = "MAUIApp", "MAUIApp\MAUIApp.csproj", "{1F981B05-1A9C-46B8-A759-F7F0C7D5C810}"
EndProject
Project("{9A19103F-16F7-4668-BE54-9A1E7A4F7556}") = "WebAPI", "WebAPI\WebAPI.csproj", "{DBC4A59E-D27C-4ED5-99F4-58355C6A6CC8}"
EndProject
Project("{9A19103F-16F7-4668-BE54-9A1E7A4F7556}") = "Infrastructure", "Infrastructure\Infrastructure.csproj", "{014D16C3-58A9-49A1-83B2-32FAF2E618A5}"
EndProject
Project("{FAE04EC0-301F-11D3-BF4B-00C04F79EFBC}") = "Domain", "Domain\Domain.csproj", "{607151F0-8925-46FB-A8CE-A2B30CF46233}"
EndProject
Project("{FAE04EC0-301F-11D3-BF4B-00C04F79EFBC}") = "Application", "Application\Application.csproj", "{FF6BEAB9-FDD5-4724-99C4-CD764BA2B4CD}"
EndProject
Global
	GlobalSection(SolutionConfigurationPlatforms) = preSolution
		Debug|Any CPU = Debug|Any CPU
		Release|Any CPU = Release|Any CPU
	EndGlobalSection
	GlobalSection(ProjectConfigurationPlatforms) = postSolution
		{1F981B05-1A9C-46B8-A759-F7F0C7D5C810}.Debug|Any CPU.ActiveCfg = Debug|Any CPU
		{1F981B05-1A9C-46B8-A759-F7F0C7D5C810}.Debug|Any CPU.Build.0 = Debug|Any CPU
		{1F981B05-1A9C-46B8-A759-F7F0C7D5C810}.Debug|Any CPU.Deploy.0 = Debug|Any CPU
		{1F981B05-1A9C-46B8-A759-F7F0C7D5C810}.Release|Any CPU.ActiveCfg = Release|Any CPU
		{1F981B05-1A9C-46B8-A759-F7F0C7D5C810}.Release|Any CPU.Build.0 = Release|Any CPU
		{1F981B05-1A9C-46B8-A759-F7F0C7D5C810}.Release|Any CPU.Deploy.0 = Release|Any CPU
		{DBC4A59E-D27C-4ED5-99F4-58355C6A6CC8}.Debug|Any CPU.ActiveCfg = Debug|Any CPU
		{DBC4A59E-D27C-4ED5-99F4-58355C6A6CC8}.Debug|Any CPU.Build.0 = Debug|Any CPU
		{DBC4A59E-D27C-4ED5-99F4-58355C6A6CC8}.Release|Any CPU.ActiveCfg = Release|Any CPU
		{DBC4A59E-D27C-4ED5-99F4-58355C6A6CC8}.Release|Any CPU.Build.0 = Release|Any CPU
		{014D16C3-58A9-49A1-83B2-32FAF2E618A5}.Debug|Any CPU.ActiveCfg = Debug|Any CPU
		{014D16C3-58A9-49A1-83B2-32FAF2E618A5}.Debug|Any CPU.Build.0 = Debug|Any CPU
		{014D16C3-58A9-49A1-83B2-32FAF2E618A5}.Release|Any CPU.ActiveCfg = Release|Any CPU
		{014D16C3-58A9-49A1-83B2-32FAF2E618A5}.Release|Any CPU.Build.0 = Release|Any CPU
		{607151F0-8925-46FB-A8CE-A2B30CF46233}.Debug|Any CPU.ActiveCfg = Debug|Any CPU
		{607151F0-8925-46FB-A8CE-A2B30CF46233}.Debug|Any CPU.Build.0 = Debug|Any CPU
		{607151F0-8925-46FB-A8CE-A2B30CF46233}.Release|Any CPU.ActiveCfg = Release|Any CPU
		{607151F0-8925-46FB-A8CE-A2B30CF46233}.Release|Any CPU.Build.0 = Release|Any CPU
		{FF6BEAB9-FDD5-4724-99C4-CD764BA2B4CD}.Debug|Any CPU.ActiveCfg = Debug|Any CPU
		{FF6BEAB9-FDD5-4724-99C4-CD764BA2B4CD}.Debug|Any CPU.Build.0 = Debug|Any CPU
		{FF6BEAB9-FDD5-4724-99C4-CD764BA2B4CD}.Release|Any CPU.ActiveCfg = Release|Any CPU
		{FF6BEAB9-FDD5-4724-99C4-CD764BA2B4CD}.Release|Any CPU.Build.0 = Release|Any CPU
	EndGlobalSection
	GlobalSection(SolutionProperties) = preSolution
		HideSolutionNode = FALSE
	EndGlobalSection
	GlobalSection(ExtensibilityGlobals) = postSolution
		SolutionGuid = {70C46D6B-C0D1-4D65-86ED-87D91D873DF0}
	EndGlobalSection
EndGlobal
